
Microsoft Visual Studio Solution File, Format Version 12.00
# Visual Studio 15
VisualStudioVersion = 15.0.27004.2002
MinimumVisualStudioVersion = 10.0.40219.1
Project("{FAE04EC0-301F-11D3-BF4B-00C04F79EFBC}") = "SchoolPass.Notifications", "SchoolPass.Notifications\SchoolPass.Notifications.csproj", "{7CA765AA-D489-4454-92A7-E839092A699E}"
EndProject
Project("{FAE04EC0-301F-11D3-BF4B-00C04F79EFBC}") = "SchoolPass.NotificationService", "..\SchoolPass.NotificationService\SchoolPass.NotificationService.csproj", "{BFECC696-639C-4564-9597-FB6D76F0BD09}"
EndProject
Global
	GlobalSection(SolutionConfigurationPlatforms) = preSolution
		Debug|Any CPU = Debug|Any CPU
		Release|Any CPU = Release|Any CPU
	EndGlobalSection
	GlobalSection(ProjectConfigurationPlatforms) = postSolution
		{7CA765AA-D489-4454-92A7-E839092A699E}.Debug|Any CPU.ActiveCfg = Debug|Any CPU
		{7CA765AA-D489-4454-92A7-E839092A699E}.Debug|Any CPU.Build.0 = Debug|Any CPU
		{7CA765AA-D489-4454-92A7-E839092A699E}.Release|Any CPU.ActiveCfg = Release|Any CPU
		{7CA765AA-D489-4454-92A7-E839092A699E}.Release|Any CPU.Build.0 = Release|Any CPU
		{BFECC696-639C-4564-9597-FB6D76F0BD09}.Debug|Any CPU.ActiveCfg = Debug|Any CPU
		{BFECC696-639C-4564-9597-FB6D76F0BD09}.Debug|Any CPU.Build.0 = Debug|Any CPU
		{BFECC696-639C-4564-9597-FB6D76F0BD09}.Release|Any CPU.ActiveCfg = Release|Any CPU
		{BFECC696-639C-4564-9597-FB6D76F0BD09}.Release|Any CPU.Build.0 = Release|Any CPU
	EndGlobalSection
	GlobalSection(SolutionProperties) = preSolution
		HideSolutionNode = FALSE
	EndGlobalSection
	GlobalSection(ExtensibilityGlobals) = postSolution
		SolutionGuid = {759AEC27-2DF1-4660-8A65-D2E3B4E869E8}
	EndGlobalSection
EndGlobal
